
Microsoft Visual Studio Solution File, Format Version 12.00
# Visual Studio 2012
Project("{FAE04EC0-301F-11D3-BF4B-00C04F79EFBC}") = "cifradoRSA_CS", "cifradoRSA_CS\cifradoRSA_CS.csproj", "{6427A4DF-EA17-4A4E-BC7F-D4D1A2E9EF75}"
EndProject
Global
	GlobalSection(SolutionConfigurationPlatforms) = preSolution
		Debug|Any CPU = Debug|Any CPU
		Release|Any CPU = Release|Any CPU
	EndGlobalSection
	GlobalSection(ProjectConfigurationPlatforms) = postSolution
		{6427A4DF-EA17-4A4E-BC7F-D4D1A2E9EF75}.Debug|Any CPU.ActiveCfg = Debug|Any CPU
		{6427A4DF-EA17-4A4E-BC7F-D4D1A2E9EF75}.Debug|Any CPU.Build.0 = Debug|Any CPU
		{6427A4DF-EA17-4A4E-BC7F-D4D1A2E9EF75}.Release|Any CPU.ActiveCfg = Release|Any CPU
		{6427A4DF-EA17-4A4E-BC7F-D4D1A2E9EF75}.Release|Any CPU.Build.0 = Release|Any CPU
	EndGlobalSection
	GlobalSection(SolutionProperties) = preSolution
		HideSolutionNode = FALSE
	EndGlobalSection
EndGlobal
